
Microsoft Visual Studio Solution File, Format Version 12.00
# Visual Studio Express 2012 for Windows Desktop
Project("{FAE04EC0-301F-11D3-BF4B-00C04F79EFBC}") = "Base.Service", "Base.Service\Base.Service.csproj", "{71F94DF9-C70A-458F-8068-2EB65AFA7516}"
EndProject
Project("{FAE04EC0-301F-11D3-BF4B-00C04F79EFBC}") = "Base.Service.Test", "Base.Service.Test\Base.Service.Test.csproj", "{1C702D52-C108-46DF-B4EC-C5175D1178F9}"
EndProject
Project("{FAE04EC0-301F-11D3-BF4B-00C04F79EFBC}") = "Base.Runner", "Base.Runner\Base.Runner.csproj", "{2D87AF6A-20EC-4B3F-9C3C-9F615C6A6C40}"
EndProject
Global
	GlobalSection(SolutionConfigurationPlatforms) = preSolution
		Debug|Any CPU = Debug|Any CPU
		Release|Any CPU = Release|Any CPU
	EndGlobalSection
	GlobalSection(ProjectConfigurationPlatforms) = postSolution
		{71F94DF9-C70A-458F-8068-2EB65AFA7516}.Debug|Any CPU.ActiveCfg = Debug|Any CPU
		{71F94DF9-C70A-458F-8068-2EB65AFA7516}.Debug|Any CPU.Build.0 = Debug|Any CPU
		{71F94DF9-C70A-458F-8068-2EB65AFA7516}.Release|Any CPU.ActiveCfg = Release|Any CPU
		{71F94DF9-C70A-458F-8068-2EB65AFA7516}.Release|Any CPU.Build.0 = Release|Any CPU
		{1C702D52-C108-46DF-B4EC-C5175D1178F9}.Debug|Any CPU.ActiveCfg = Debug|Any CPU
		{1C702D52-C108-46DF-B4EC-C5175D1178F9}.Debug|Any CPU.Build.0 = Debug|Any CPU
		{1C702D52-C108-46DF-B4EC-C5175D1178F9}.Release|Any CPU.ActiveCfg = Release|Any CPU
		{1C702D52-C108-46DF-B4EC-C5175D1178F9}.Release|Any CPU.Build.0 = Release|Any CPU
		{2D87AF6A-20EC-4B3F-9C3C-9F615C6A6C40}.Debug|Any CPU.ActiveCfg = Debug|Any CPU
		{2D87AF6A-20EC-4B3F-9C3C-9F615C6A6C40}.Debug|Any CPU.Build.0 = Debug|Any CPU
		{2D87AF6A-20EC-4B3F-9C3C-9F615C6A6C40}.Release|Any CPU.ActiveCfg = Release|Any CPU
		{2D87AF6A-20EC-4B3F-9C3C-9F615C6A6C40}.Release|Any CPU.Build.0 = Release|Any CPU
	EndGlobalSection
	GlobalSection(SolutionProperties) = preSolution
		HideSolutionNode = FALSE
	EndGlobalSection
EndGlobal
